// !$*UTF8*$!
{
	archiveVersion = 1;
	classes = {
	};
	objectVersion = 50;
	objects = {

/* Begin PBXBuildFile section */
		35F950FC2549504C00EADE05 /* AppDelegate.m in Sources */ = {isa = PBXBuildFile; fileRef = 35F950FB2549504C00EADE05 /* AppDelegate.m */; };
		35F950FF2549504C00EADE05 /* SceneDelegate.m in Sources */ = {isa = PBXBuildFile; fileRef = 35F950FE2549504C00EADE05 /* SceneDelegate.m */; };
		35F951022549504C00EADE05 /* ViewController.m in Sources */ = {isa = PBXBuildFile; fileRef = 35F951012549504C00EADE05 /* ViewController.m */; };
		35F951052549504C00EADE05 /* Main.storyboard in Resources */ = {isa = PBXBuildFile; fileRef = 35F951032549504C00EADE05 /* Main.storyboard */; };
		35F951072549504E00EADE05 /* Assets.xcassets in Resources */ = {isa = PBXBuildFile; fileRef = 35F951062549504E00EADE05 /* Assets.xcassets */; };
		35F9510A2549504E00EADE05 /* LaunchScreen.storyboard in Resources */ = {isa = PBXBuildFile; fileRef = 35F951082549504E00EADE05 /* LaunchScreen.storyboard */; };
		35F9510D2549504E00EADE05 /* main.m in Sources */ = {isa = PBXBuildFile; fileRef = 35F9510C2549504E00EADE05 /* main.m */; };
		35F951172549504E00EADE05 /* MKTest1Tests.m in Sources */ = {isa = PBXBuildFile; fileRef = 35F951162549504E00EADE05 /* MKTest1Tests.m */; };
		35F951222549504E00EADE05 /* MKTest1UITests.m in Sources */ = {isa = PBXBuildFile; fileRef = 35F951212549504E00EADE05 /* MKTest1UITests.m */; };
/* End PBXBuildFile section */

/* Begin PBXContainerItemProxy section */
		35F951132549504E00EADE05 /* PBXContainerItemProxy */ = {
			isa = PBXContainerItemProxy;
			containerPortal = 35F950EF2549504C00EADE05 /* Project object */;
			proxyType = 1;
			remoteGlobalIDString = 35F950F62549504C00EADE05;
			remoteInfo = MKTest1;
		};
		35F9511E2549504E00EADE05 /* PBXContainerItemProxy */ = {
			isa = PBXContainerItemProxy;
			containerPortal = 35F950EF2549504C00EADE05 /* Project object */;
			proxyType = 1;
			remoteGlobalIDString = 35F950F62549504C00EADE05;
			remoteInfo = MKTest1;
		};
/* End PBXContainerItemProxy section */

/* Begin PBXFileReference section */
		35F950F72549504C00EADE05 /* MKTest1.app */ = {isa = PBXFileReference; explicitFileType = wrapper.application; includeInIndex = 0; path = MKTest1.app; sourceTree = BUILT_PRODUCTS_DIR; };
		35F950FA2549504C00EADE05 /* AppDelegate.h */ = {isa = PBXFileReference; lastKnownFileType = sourcecode.c.h; path = AppDelegate.h; sourceTree = "<group>"; };
		35F950FB2549504C00EADE05 /* AppDelegate.m */ = {isa = PBXFileReference; lastKnownFileType = sourcecode.c.objc; path = AppDelegate.m; sourceTree = "<group>"; };
		35F950FD2549504C00EADE05 /* SceneDelegate.h */ = {isa = PBXFileReference; lastKnownFileType = sourcecode.c.h; path = SceneDelegate.h; sourceTree = "<group>"; };
		35F950FE2549504C00EADE05 /* SceneDelegate.m */ = {isa = PBXFileReference; lastKnownFileType = sourcecode.c.objc; path = SceneDelegate.m; sourceTree = "<group>"; };
		35F951002549504C00EADE05 /* ViewController.h */ = {isa = PBXFileReference; lastKnownFileType = sourcecode.c.h; path = ViewController.h; sourceTree = "<group>"; };
		35F951012549504C00EADE05 /* ViewController.m */ = {isa = PBXFileReference; lastKnownFileType = sourcecode.c.objc; path = ViewController.m; sourceTree = "<group>"; };
		35F951042549504C00EADE05 /* Base */ = {isa = PBXFileReference; lastKnownFileType = file.storyboard; name = Base; path = Base.lproj/Main.storyboard; sourceTree = "<group>"; };
		35F951062549504E00EADE05 /* Assets.xcassets */ = {isa = PBXFileReference; lastKnownFileType = folder.assetcatalog; path = Assets.xcassets; sourceTree = "<group>"; };
		35F951092549504E00EADE05 /* Base */ = {isa = PBXFileReference; lastKnownFileType = file.storyboard; name = Base; path = Base.lproj/LaunchScreen.storyboard; sourceTree = "<group>"; };
		35F9510B2549504E00EADE05 /* Info.plist */ = {isa = PBXFileReference; lastKnownFileType = text.plist.xml; path = Info.plist; sourceTree = "<group>"; };
		35F9510C2549504E00EADE05 /* main.m */ = {isa = PBXFileReference; lastKnownFileType = sourcecode.c.objc; path = main.m; sourceTree = "<group>"; };
		35F951122549504E00EADE05 /* MKTest1Tests.xctest */ = {isa = PBXFileReference; explicitFileType = wrapper.cfbundle; includeInIndex = 0; path = MKTest1Tests.xctest; sourceTree = BUILT_PRODUCTS_DIR; };
		35F951162549504E00EADE05 /* MKTest1Tests.m */ = {isa = PBXFileReference; lastKnownFileType = sourcecode.c.objc; path = MKTest1Tests.m; sourceTree = "<group>"; };
		35F951182549504E00EADE05 /* Info.plist */ = {isa = PBXFileReference; lastKnownFileType = text.plist.xml; path = Info.plist; sourceTree = "<group>"; };
		35F9511D2549504E00EADE05 /* MKTest1UITests.xctest */ = {isa = PBXFileReference; explicitFileType = wrapper.cfbundle; includeInIndex = 0; path = MKTest1UITests.xctest; sourceTree = BUILT_PRODUCTS_DIR; };
		35F951212549504E00EADE05 /* MKTest1UITests.m */ = {isa = PBXFileReference; lastKnownFileType = sourcecode.c.objc; path = MKTest1UITests.m; sourceTree = "<group>"; };
		35F951232549504E00EADE05 /* Info.plist */ = {isa = PBXFileReference; lastKnownFileType = text.plist.xml; path = Info.plist; sourceTree = "<group>"; };
/* End PBXFileReference section */

/* Begin PBXFrameworksBuildPhase section */
		35F950F42549504C00EADE05 /* Frameworks */ = {
			isa = PBXFrameworksBuildPhase;
			buildActionMask = 2147483647;
			files = (
			);
			runOnlyForDeploymentPostprocessing = 0;
		};
		35F9510F2549504E00EADE05 /* Frameworks */ = {
			isa = PBXFrameworksBuildPhase;
			buildActionMask = 2147483647;
			files = (
			);
			runOnlyForDeploymentPostprocessing = 0;
		};
		35F9511A2549504E00EADE05 /* Frameworks */ = {
			isa = PBXFrameworksBuildPhase;
			buildActionMask = 2147483647;
			files = (
			);
			runOnlyForDeploymentPostprocessing = 0;
		};
/* End PBXFrameworksBuildPhase section */

/* Begin PBXGroup section */
		35F950EE2549504C00EADE05 = {
			isa = PBXGroup;
			children = (
				35F950F92549504C00EADE05 /* MKTest1 */,
				35F951152549504E00EADE05 /* MKTest1Tests */,
				35F951202549504E00EADE05 /* MKTest1UITests */,
				35F950F82549504C00EADE05 /* Products */,
			);
			sourceTree = "<group>";
		};
		35F950F82549504C00EADE05 /* Products */ = {
			isa = PBXGroup;
			children = (
				35F950F72549504C00EADE05 /* MKTest1.app */,
				35F951122549504E00EADE05 /* MKTest1Tests.xctest */,
				35F9511D2549504E00EADE05 /* MKTest1UITests.xctest */,
			);
			name = Products;
			sourceTree = "<group>";
		};
		35F950F92549504C00EADE05 /* MKTest1 */ = {
			isa = PBXGroup;
			children = (
				35F950FA2549504C00EADE05 /* AppDelegate.h */,
				35F950FB2549504C00EADE05 /* AppDelegate.m */,
				35F950FD2549504C00EADE05 /* SceneDelegate.h */,
				35F950FE2549504C00EADE05 /* SceneDelegate.m */,
				35F951002549504C00EADE05 /* ViewController.h */,
				35F951012549504C00EADE05 /* ViewController.m */,
				35F951032549504C00EADE05 /* Main.storyboard */,
				35F951062549504E00EADE05 /* Assets.xcassets */,
				35F951082549504E00EADE05 /* LaunchScreen.storyboard */,
				35F9510B2549504E00EADE05 /* Info.plist */,
				35F9510C2549504E00EADE05 /* main.m */,
			);
			path = MKTest1;
			sourceTree = "<group>";
		};
		35F951152549504E00EADE05 /* MKTest1Tests */ = {
			isa = PBXGroup;
			children = (
				35F951162549504E00EADE05 /* MKTest1Tests.m */,
				35F951182549504E00EADE05 /* Info.plist */,
			);
			path = MKTest1Tests;
			sourceTree = "<group>";
		};
		35F951202549504E00EADE05 /* MKTest1UITests */ = {
			isa = PBXGroup;
			children = (
				35F951212549504E00EADE05 /* MKTest1UITests.m */,
				35F951232549504E00EADE05 /* Info.plist */,
			);
			path = MKTest1UITests;
			sourceTree = "<group>";
		};
/* End PBXGroup section */

/* Begin PBXNativeTarget section */
		35F950F62549504C00EADE05 /* MKTest1 */ = {
			isa = PBXNativeTarget;
			buildConfigurationList = 35F951262549504E00EADE05 /* Build configuration list for PBXNativeTarget "MKTest1" */;
			buildPhases = (
				35F950F32549504C00EADE05 /* Sources */,
				35F950F42549504C00EADE05 /* Frameworks */,
				35F950F52549504C00EADE05 /* Resources */,
			);
			buildRules = (
			);
			dependencies = (
			);
			name = MKTest1;
			productName = MKTest1;
			productReference = 35F950F72549504C00EADE05 /* MKTest1.app */;
			productType = "com.apple.product-type.application";
		};
		35F951112549504E00EADE05 /* MKTest1Tests */ = {
			isa = PBXNativeTarget;
			buildConfigurationList = 35F951292549504E00EADE05 /* Build configuration list for PBXNativeTarget "MKTest1Tests" */;
			buildPhases = (
				35F9510E2549504E00EADE05 /* Sources */,
				35F9510F2549504E00EADE05 /* Frameworks */,
				35F951102549504E00EADE05 /* Resources */,
			);
			buildRules = (
			);
			dependencies = (
				35F951142549504E00EADE05 /* PBXTargetDependency */,
			);
			name = MKTest1Tests;
			productName = MKTest1Tests;
			productReference = 35F951122549504E00EADE05 /* MKTest1Tests.xctest */;
			productType = "com.apple.product-type.bundle.unit-test";
		};
		35F9511C2549504E00EADE05 /* MKTest1UITests */ = {
			isa = PBXNativeTarget;
			buildConfigurationList = 35F9512C2549504E00EADE05 /* Build configuration list for PBXNativeTarget "MKTest1UITests" */;
			buildPhases = (
				35F951192549504E00EADE05 /* Sources */,
				35F9511A2549504E00EADE05 /* Frameworks */,
				35F9511B2549504E00EADE05 /* Resources */,
			);
			buildRules = (
			);
			dependencies = (
				35F9511F2549504E00EADE05 /* PBXTargetDependency */,
			);
			name = MKTest1UITests;
			productName = MKTest1UITests;
			productReference = 35F9511D2549504E00EADE05 /* MKTest1UITests.xctest */;
			productType = "com.apple.product-type.bundle.ui-testing";
		};
/* End PBXNativeTarget section */

/* Begin PBXProject section */
		35F950EF2549504C00EADE05 /* Project object */ = {
			isa = PBXProject;
			attributes = {
				LastUpgradeCheck = 1130;
				ORGANIZATIONNAME = MikeWang;
				TargetAttributes = {
					35F950F62549504C00EADE05 = {
						CreatedOnToolsVersion = 11.3.1;
					};
					35F951112549504E00EADE05 = {
						CreatedOnToolsVersion = 11.3.1;
						TestTargetID = 35F950F62549504C00EADE05;
					};
					35F9511C2549504E00EADE05 = {
						CreatedOnToolsVersion = 11.3.1;
						TestTargetID = 35F950F62549504C00EADE05;
					};
				};
			};
			buildConfigurationList = 35F950F22549504C00EADE05 /* Build configuration list for PBXProject "MKTest1" */;
			compatibilityVersion = "Xcode 9.3";
			developmentRegion = en;
			hasScannedForEncodings = 0;
			knownRegions = (
				en,
				Base,
			);
			mainGroup = 35F950EE2549504C00EADE05;
			productRefGroup = 35F950F82549504C00EADE05 /* Products */;
			projectDirPath = "";
			projectRoot = "";
			targets = (
				35F950F62549504C00EADE05 /* MKTest1 */,
				35F951112549504E00EADE05 /* MKTest1Tests */,
				35F9511C2549504E00EADE05 /* MKTest1UITests */,
			);
		};
/* End PBXProject section */

/* Begin PBXResourcesBuildPhase section */
		35F950F52549504C00EADE05 /* Resources */ = {
			isa = PBXResourcesBuildPhase;
			buildActionMask = 2147483647;
			files = (
				35F9510A2549504E00EADE05 /* LaunchScreen.storyboard in Resources */,
				35F951072549504E00EADE05 /* Assets.xcassets in Resources */,
				35F951052549504C00EADE05 /* Main.storyboard in Resources */,
			);
			runOnlyForDeploymentPostprocessing = 0;
		};
		35F951102549504E00EADE05 /* Resources */ = {
			isa = PBXResourcesBuildPhase;
			buildActionMask = 2147483647;
			files = (
			);
			runOnlyForDeploymentPostprocessing = 0;
		};
		35F9511B2549504E00EADE05 /* Resources */ = {
			isa = PBXResourcesBuildPhase;
			buildActionMask = 2147483647;
			files = (
			);
			runOnlyForDeploymentPostprocessing = 0;
		};
/* End PBXResourcesBuildPhase section */

/* Begin PBXSourcesBuildPhase section */
		35F950F32549504C00EADE05 /* Sources */ = {
			isa = PBXSourcesBuildPhase;
			buildActionMask = 2147483647;
			files = (
				35F951022549504C00EADE05 /* ViewController.m in Sources */,
				35F950FC2549504C00EADE05 /* AppDelegate.m in Sources */,
				35F9510D2549504E00EADE05 /* main.m in Sources */,
				35F950FF2549504C00EADE05 /* SceneDelegate.m in Sources */,
			);
			runOnlyForDeploymentPostprocessing = 0;
		};
		35F9510E2549504E00EADE05 /* Sources */ = {
			isa = PBXSourcesBuildPhase;
			buildActionMask = 2147483647;
			files = (
				35F951172549504E00EADE05 /* MKTest1Tests.m in Sources */,
			);
			runOnlyForDeploymentPostprocessing = 0;
		};
		35F951192549504E00EADE05 /* Sources */ = {
			isa = PBXSourcesBuildPhase;
			buildActionMask = 2147483647;
			files = (
				35F951222549504E00EADE05 /* MKTest1UITests.m in Sources */,
			);
			runOnlyForDeploymentPostprocessing = 0;
		};
/* End PBXSourcesBuildPhase section */

/* Begin PBXTargetDependency section */
		35F951142549504E00EADE05 /* PBXTargetDependency */ = {
			isa = PBXTargetDependency;
			target = 35F950F62549504C00EADE05 /* MKTest1 */;
			targetProxy = 35F951132549504E00EADE05 /* PBXContainerItemProxy */;
		};
		35F9511F2549504E00EADE05 /* PBXTargetDependency */ = {
			isa = PBXTargetDependency;
			target = 35F950F62549504C00EADE05 /* MKTest1 */;
			targetProxy = 35F9511E2549504E00EADE05 /* PBXContainerItemProxy */;
		};
/* End PBXTargetDependency section */

/* Begin PBXVariantGroup section */
		35F951032549504C00EADE05 /* Main.storyboard */ = {
			isa = PBXVariantGroup;
			children = (
				35F951042549504C00EADE05 /* Base */,
			);
			name = Main.storyboard;
			sourceTree = "<group>";
		};
		35F951082549504E00EADE05 /* LaunchScreen.storyboard */ = {
			isa = PBXVariantGroup;
			children = (
				35F951092549504E00EADE05 /* Base */,
			);
			name = LaunchScreen.storyboard;
			sourceTree = "<group>";
		};
/* End PBXVariantGroup section */

/* Begin XCBuildConfiguration section */
		35F951242549504E00EADE05 /* Debug */ = {
			isa = XCBuildConfiguration;
			buildSettings = {
				ALWAYS_SEARCH_USER_PATHS = NO;
				CLANG_ANALYZER_NONNULL = YES;
				CLANG_ANALYZER_NUMBER_OBJECT_CONVERSION = YES_AGGRESSIVE;
				CLANG_CXX_LANGUAGE_STANDARD = "gnu++14";
				CLANG_CXX_LIBRARY = "libc++";
				CLANG_ENABLE_MODULES = YES;
				CLANG_ENABLE_OBJC_ARC = YES;
				CLANG_ENABLE_OBJC_WEAK = YES;
				CLANG_WARN_BLOCK_CAPTURE_AUTORELEASING = YES;
				CLANG_WARN_BOOL_CONVERSION = YES;
				CLANG_WARN_COMMA = YES;
				CLANG_WARN_CONSTANT_CONVERSION = YES;
				CLANG_WARN_DEPRECATED_OBJC_IMPLEMENTATIONS = YES;
				CLANG_WARN_DIRECT_OBJC_ISA_USAGE = YES_ERROR;
				CLANG_WARN_DOCUMENTATION_COMMENTS = YES;
				CLANG_WARN_EMPTY_BODY = YES;
				CLANG_WARN_ENUM_CONVERSION = YES;
				CLANG_WARN_INFINITE_RECURSION = YES;
				CLANG_WARN_INT_CONVERSION = YES;
				CLANG_WARN_NON_LITERAL_NULL_CONVERSION = YES;
				CLANG_WARN_OBJC_IMPLICIT_RETAIN_SELF = YES;
				CLANG_WARN_OBJC_LITERAL_CONVERSION = YES;
				CLANG_WARN_OBJC_ROOT_CLASS = YES_ERROR;
				CLANG_WARN_RANGE_LOOP_ANALYSIS = YES;
				CLANG_WARN_STRICT_PROTOTYPES = YES;
				CLANG_WARN_SUSPICIOUS_MOVE = YES;
				CLANG_WARN_UNGUARDED_AVAILABILITY = YES_AGGRESSIVE;
				CLANG_WARN_UNREACHABLE_CODE = YES;
				CLANG_WARN__DUPLICATE_METHOD_MATCH = YES;
				COPY_PHASE_STRIP = NO;
				DEBUG_INFORMATION_FORMAT = dwarf;
				ENABLE_STRICT_OBJC_MSGSEND = YES;
				ENABLE_TESTABILITY = YES;
				GCC_C_LANGUAGE_STANDARD = gnu11;
				GCC_DYNAMIC_NO_PIC = NO;
				GCC_NO_COMMON_BLOCKS = YES;
				GCC_OPTIMIZATION_LEVEL = 0;
				GCC_PREPROCESSOR_DEFINITIONS = (
					"DEBUG=1",
					"$(inherited)",
				);
				GCC_WARN_64_TO_32_BIT_CONVERSION = YES;
				GCC_WARN_ABOUT_RETURN_TYPE = YES_ERROR;
				GCC_WARN_UNDECLARED_SELECTOR = YES;
				GCC_WARN_UNINITIALIZED_AUTOS = YES_AGGRESSIVE;
				GCC_WARN_UNUSED_FUNCTION = YES;
				GCC_WARN_UNUSED_VARIABLE = YES;
				IPHONEOS_DEPLOYMENT_TARGET = 13.2;
				MTL_ENABLE_DEBUG_INFO = INCLUDE_SOURCE;
				MTL_FAST_MATH = YES;
				ONLY_ACTIVE_ARCH = YES;
				SDKROOT = iphoneos;
			};
			name = Debug;
		};
		35F951252549504E00EADE05 /* Release */ = {
			isa = XCBuildConfiguration;
			buildSettings = {
				ALWAYS_SEARCH_USER_PATHS = NO;
				CLANG_ANALYZER_NONNULL = YES;
				CLANG_ANALYZER_NUMBER_OBJECT_CONVERSION = YES_AGGRESSIVE;
				CLANG_CXX_LANGUAGE_STANDARD = "gnu++14";
				CLANG_CXX_LIBRARY = "libc++";
				CLANG_ENABLE_MODULES = YES;
				CLANG_ENABLE_OBJC_ARC = YES;
				CLANG_ENABLE_OBJC_WEAK = YES;
				CLANG_WARN_BLOCK_CAPTURE_AUTORELEASING = YES;
				CLANG_WARN_BOOL_CONVERSION = YES;
				CLANG_WARN_COMMA = YES;
				CLANG_WARN_CONSTANT_CONVERSION = YES;
				CLANG_WARN_DEPRECATED_OBJC_IMPLEMENTATIONS = YES;
				CLANG_WARN_DIRECT_OBJC_ISA_USAGE = YES_ERROR;
				CLANG_WARN_DOCUMENTATION_COMMENTS = YES;
				CLANG_WARN_EMPTY_BODY = YES;
				CLANG_WARN_ENUM_CONVERSION = YES;
				CLANG_WARN_INFINITE_RECURSION = YES;
				CLANG_WARN_INT_CONVERSION = YES;
				CLANG_WARN_NON_LITERAL_NULL_CONVERSION = YES;
				CLANG_WARN_OBJC_IMPLICIT_RETAIN_SELF = YES;
				CLANG_WARN_OBJC_LITERAL_CONVERSION = YES;
				CLANG_WARN_OBJC_ROOT_CLASS = YES_ERROR;
				CLANG_WARN_RANGE_LOOP_ANALYSIS = YES;
				CLANG_WARN_STRICT_PROTOTYPES = YES;
				CLANG_WARN_SUSPICIOUS_MOVE = YES;
				CLANG_WARN_UNGUARDED_AVAILABILITY = YES_AGGRESSIVE;
				CLANG_WARN_UNREACHABLE_CODE = YES;
				CLANG_WARN__DUPLICATE_METHOD_MATCH = YES;
				COPY_PHASE_STRIP = NO;
				DEBUG_INFORMATION_FORMAT = "dwarf-with-dsym";
				ENABLE_NS_ASSERTIONS = NO;
				ENABLE_STRICT_OBJC_MSGSEND = YES;
				GCC_C_LANGUAGE_STANDARD = gnu11;
				GCC_NO_COMMON_BLOCKS = YES;
				GCC_WARN_64_TO_32_BIT_CONVERSION = YES;
				GCC_WARN_ABOUT_RETURN_TYPE = YES_ERROR;
				GCC_WARN_UNDECLARED_SELECTOR = YES;
				GCC_WARN_UNINITIALIZED_AUTOS = YES_AGGRESSIVE;
				GCC_WARN_UNUSED_FUNCTION = YES;
				GCC_WARN_UNUSED_VARIABLE = YES;
				IPHONEOS_DEPLOYMENT_TARGET = 13.2;
				MTL_ENABLE_DEBUG_INFO = NO;
				MTL_FAST_MATH = YES;
				SDKROOT = iphoneos;
				VALIDATE_PRODUCT = YES;
			};
			name = Release;
		};
		35F951272549504E00EADE05 /* Debug */ = {
			isa = XCBuildConfiguration;
			buildSettings = {
				ASSETCATALOG_COMPILER_APPICON_NAME = AppIcon;
				CODE_SIGN_STYLE = Automatic;
				INFOPLIST_FILE = MKTest1/Info.plist;
				LD_RUNPATH_SEARCH_PATHS = (
					"$(inherited)",
					"@executable_path/Frameworks",
				);
				PRODUCT_BUNDLE_IDENTIFIER = mk.MKTest1;
				PRODUCT_NAME = "$(TARGET_NAME)";
				TARGETED_DEVICE_FAMILY = "1,2";
			};
			name = Debug;
		};
		35F951282549504E00EADE05 /* Release */ = {
			isa = XCBuildConfiguration;
			buildSettings = {
				ASSETCATALOG_COMPILER_APPICON_NAME = AppIcon;
				CODE_SIGN_STYLE = Automatic;
				INFOPLIST_FILE = MKTest1/Info.plist;
				LD_RUNPATH_SEARCH_PATHS = (
					"$(inherited)",
					"@executable_path/Frameworks",
				);
				PRODUCT_BUNDLE_IDENTIFIER = mk.MKTest1;
				PRODUCT_NAME = "$(TARGET_NAME)";
				TARGETED_DEVICE_FAMILY = "1,2";
			};
			name = Release;
		};
		35F9512A2549504E00EADE05 /* Debug */ = {
			isa = XCBuildConfiguration;
			buildSettings = {
				BUNDLE_LOADER = "$(TEST_HOST)";
				CODE_SIGN_STYLE = Automatic;
				INFOPLIST_FILE = MKTest1Tests/Info.plist;
				IPHONEOS_DEPLOYMENT_TARGET = 13.2;
				LD_RUNPATH_SEARCH_PATHS = (
					"$(inherited)",
					"@executable_path/Frameworks",
					"@loader_path/Frameworks",
				);
				PRODUCT_BUNDLE_IDENTIFIER = mk.MKTest1Tests;
				PRODUCT_NAME = "$(TARGET_NAME)";
				TARGETED_DEVICE_FAMILY = "1,2";
				TEST_HOST = "$(BUILT_PRODUCTS_DIR)/MKTest1.app/MKTest1";
			};
			name = Debug;
		};
		35F9512B2549504E00EADE05 /* Release */ = {
			isa = XCBuildConfiguration;
			buildSettings = {
				BUNDLE_LOADER = "$(TEST_HOST)";
				CODE_SIGN_STYLE = Automatic;
				INFOPLIST_FILE = MKTest1Tests/Info.plist;
				IPHONEOS_DEPLOYMENT_TARGET = 13.2;
				LD_RUNPATH_SEARCH_PATHS = (
					"$(inherited)",
					"@executable_path/Frameworks",
					"@loader_path/Frameworks",
				);
				PRODUCT_BUNDLE_IDENTIFIER = mk.MKTest1Tests;
				PRODUCT_NAME = "$(TARGET_NAME)";
				TARGETED_DEVICE_FAMILY = "1,2";
				TEST_HOST = "$(BUILT_PRODUCTS_DIR)/MKTest1.app/MKTest1";
			};
			name = Release;
		};
		35F9512D2549504E00EADE05 /* Debug */ = {
			isa = XCBuildConfiguration;
			buildSettings = {
				CODE_SIGN_STYLE = Automatic;
				INFOPLIST_FILE = MKTest1UITests/Info.plist;
				LD_RUNPATH_SEARCH_PATHS = (
					"$(inherited)",
					"@executable_path/Frameworks",
					"@loader_path/Frameworks",
				);
				PRODUCT_BUNDLE_IDENTIFIER = mk.MKTest1UITests;
				PRODUCT_NAME = "$(TARGET_NAME)";
				TARGETED_DEVICE_FAMILY = "1,2";
				TEST_TARGET_NAME = MKTest1;
			};
			name = Debug;
		};
		35F9512E2549504E00EADE05 /* Release */ = {
			isa = XCBuildConfiguration;
			buildSettings = {
				CODE_SIGN_STYLE = Automatic;
				INFOPLIST_FILE = MKTest1UITests/Info.plist;
				LD_RUNPATH_SEARCH_PATHS = (
					"$(inherited)",
					"@executable_path/Frameworks",
					"@loader_path/Frameworks",
				);
				PRODUCT_BUNDLE_IDENTIFIER = mk.MKTest1UITests;
				PRODUCT_NAME = "$(TARGET_NAME)";
				TARGETED_DEVICE_FAMILY = "1,2";
				TEST_TARGET_NAME = MKTest1;
			};
			name = Release;
		};
/* End XCBuildConfiguration section */

/* Begin XCConfigurationList section */
		35F950F22549504C00EADE05 /* Build configuration list for PBXProject "MKTest1" */ = {
			isa = XCConfigurationList;
			buildConfigurations = (
				35F951242549504E00EADE05 /* Debug */,
				35F951252549504E00EADE05 /* Release */,
			);
			defaultConfigurationIsVisible = 0;
			defaultConfigurationName = Release;
		};
		35F951262549504E00EADE05 /* Build configuration list for PBXNativeTarget "MKTest1" */ = {
			isa = XCConfigurationList;
			buildConfigurations = (
				35F951272549504E00EADE05 /* Debug */,
				35F951282549504E00EADE05 /* Release */,
			);
			defaultConfigurationIsVisible = 0;
			defaultConfigurationName = Release;
		};
		35F951292549504E00EADE05 /* Build configuration list for PBXNativeTarget "MKTest1Tests" */ = {
			isa = XCConfigurationList;
			buildConfigurations = (
				35F9512A2549504E00EADE05 /* Debug */,
				35F9512B2549504E00EADE05 /* Release */,
			);
			defaultConfigurationIsVisible = 0;
			defaultConfigurationName = Release;
		};
		35F9512C2549504E00EADE05 /* Build configuration list for PBXNativeTarget "MKTest1UITests" */ = {
			isa = XCConfigurationList;
			buildConfigurations = (
				35F9512D2549504E00EADE05 /* Debug */,
				35F9512E2549504E00EADE05 /* Release */,
			);
			defaultConfigurationIsVisible = 0;
			defaultConfigurationName = Release;
		};
/* End XCConfigurationList section */
	};
	rootObject = 35F950EF2549504C00EADE05 /* Project object */;
}
